// !$*UTF8*$!
{
	archiveVersion = 1;
	classes = {
	};
	objectVersion = 46;
	objects = {

/* Begin PBXBuildFile section */
		22D22C411DC6012C00980EAD /* AppDelegate.swift in Sources */ = {isa = PBXBuildFile; fileRef = 22D22C401DC6012C00980EAD /* AppDelegate.swift */; };
		22D22C461DC6012C00980EAD /* Main.storyboard in Resources */ = {isa = PBXBuildFile; fileRef = 22D22C441DC6012C00980EAD /* Main.storyboard */; };
		22D22C481DC6012C00980EAD /* Assets.xcassets in Resources */ = {isa = PBXBuildFile; fileRef = 22D22C471DC6012C00980EAD /* Assets.xcassets */; };
		22D22C4B1DC6012C00980EAD /* LaunchScreen.storyboard in Resources */ = {isa = PBXBuildFile; fileRef = 22D22C491DC6012C00980EAD /* LaunchScreen.storyboard */; };
		22D22C551DC6014100980EAD /* CloudKit.framework in Frameworks */ = {isa = PBXBuildFile; fileRef = 22D22C541DC6014100980EAD /* CloudKit.framework */; };
		22D22C571DC6014E00980EAD /* MapKit.framework in Frameworks */ = {isa = PBXBuildFile; fileRef = 22D22C561DC6014E00980EAD /* MapKit.framework */; };
		22D22C591DC601C100980EAD /* HomeTableViewController.swift in Sources */ = {isa = PBXBuildFile; fileRef = 22D22C581DC601C100980EAD /* HomeTableViewController.swift */; };
		22D22C5B1DC6041C00980EAD /* CafesTableViewController.swift in Sources */ = {isa = PBXBuildFile; fileRef = 22D22C5A1DC6041C00980EAD /* CafesTableViewController.swift */; };
		22D22C5D1DC609BF00980EAD /* CafeDetailViewController.swift in Sources */ = {isa = PBXBuildFile; fileRef = 22D22C5C1DC609BF00980EAD /* CafeDetailViewController.swift */; };
		22D22C631DC81E8500980EAD /* CafeMapViewController.swift in Sources */ = {isa = PBXBuildFile; fileRef = 22D22C621DC81E8500980EAD /* CafeMapViewController.swift */; };
		22D22C671DC85E2D00980EAD /* AddCafeTableViewController.swift in Sources */ = {isa = PBXBuildFile; fileRef = 22D22C661DC85E2D00980EAD /* AddCafeTableViewController.swift */; };
		22D22C6B1DC9D41700980EAD /* AddReviewViewController.swift in Sources */ = {isa = PBXBuildFile; fileRef = 22D22C6A1DC9D41700980EAD /* AddReviewViewController.swift */; };
/* End PBXBuildFile section */

/* Begin PBXFileReference section */
		22D22C3D1DC6012C00980EAD /* BeanReview.app */ = {isa = PBXFileReference; explicitFileType = wrapper.application; includeInIndex = 0; path = BeanReview.app; sourceTree = BUILT_PRODUCTS_DIR; };
		22D22C401DC6012C00980EAD /* AppDelegate.swift */ = {isa = PBXFileReference; lastKnownFileType = sourcecode.swift; path = AppDelegate.swift; sourceTree = "<group>"; };
		22D22C451DC6012C00980EAD /* Base */ = {isa = PBXFileReference; lastKnownFileType = file.storyboard; name = Base; path = Base.lproj/Main.storyboard; sourceTree = "<group>"; };
		22D22C471DC6012C00980EAD /* Assets.xcassets */ = {isa = PBXFileReference; lastKnownFileType = folder.assetcatalog; path = Assets.xcassets; sourceTree = "<group>"; };
		22D22C4A1DC6012C00980EAD /* Base */ = {isa = PBXFileReference; lastKnownFileType = file.storyboard; name = Base; path = Base.lproj/LaunchScreen.storyboard; sourceTree = "<group>"; };
		22D22C4C1DC6012C00980EAD /* Info.plist */ = {isa = PBXFileReference; lastKnownFileType = text.plist.xml; path = Info.plist; sourceTree = "<group>"; };
		22D22C521DC6013E00980EAD /* BeanReview.entitlements */ = {isa = PBXFileReference; lastKnownFileType = text.plist.entitlements; path = BeanReview.entitlements; sourceTree = "<group>"; };
		22D22C541DC6014100980EAD /* CloudKit.framework */ = {isa = PBXFileReference; lastKnownFileType = wrapper.framework; name = CloudKit.framework; path = System/Library/Frameworks/CloudKit.framework; sourceTree = SDKROOT; };
		22D22C561DC6014E00980EAD /* MapKit.framework */ = {isa = PBXFileReference; lastKnownFileType = wrapper.framework; name = MapKit.framework; path = System/Library/Frameworks/MapKit.framework; sourceTree = SDKROOT; };
		22D22C581DC601C100980EAD /* HomeTableViewController.swift */ = {isa = PBXFileReference; fileEncoding = 4; lastKnownFileType = sourcecode.swift; path = HomeTableViewController.swift; sourceTree = "<group>"; };
		22D22C5A1DC6041C00980EAD /* CafesTableViewController.swift */ = {isa = PBXFileReference; fileEncoding = 4; lastKnownFileType = sourcecode.swift; path = CafesTableViewController.swift; sourceTree = "<group>"; };
		22D22C5C1DC609BF00980EAD /* CafeDetailViewController.swift */ = {isa = PBXFileReference; fileEncoding = 4; lastKnownFileType = sourcecode.swift; path = CafeDetailViewController.swift; sourceTree = "<group>"; };
		22D22C621DC81E8500980EAD /* CafeMapViewController.swift */ = {isa = PBXFileReference; fileEncoding = 4; lastKnownFileType = sourcecode.swift; path = CafeMapViewController.swift; sourceTree = "<group>"; };
		22D22C661DC85E2D00980EAD /* AddCafeTableViewController.swift */ = {isa = PBXFileReference; fileEncoding = 4; lastKnownFileType = sourcecode.swift; path = AddCafeTableViewController.swift; sourceTree = "<group>"; };
		22D22C6A1DC9D41700980EAD /* AddReviewViewController.swift */ = {isa = PBXFileReference; fileEncoding = 4; lastKnownFileType = sourcecode.swift; path = AddReviewViewController.swift; sourceTree = "<group>"; };
/* End PBXFileReference section */

/* Begin PBXFrameworksBuildPhase section */
		22D22C3A1DC6012C00980EAD /* Frameworks */ = {
			isa = PBXFrameworksBuildPhase;
			buildActionMask = 2147483647;
			files = (
				22D22C571DC6014E00980EAD /* MapKit.framework in Frameworks */,
				22D22C551DC6014100980EAD /* CloudKit.framework in Frameworks */,
			);
			runOnlyForDeploymentPostprocessing = 0;
		};
/* End PBXFrameworksBuildPhase section */

/* Begin PBXGroup section */
		22D22C341DC6012C00980EAD = {
			isa = PBXGroup;
			children = (
				22D22C3F1DC6012C00980EAD /* BeanReview */,
				22D22C3E1DC6012C00980EAD /* Products */,
				22D22C531DC6014100980EAD /* Frameworks */,
			);
			sourceTree = "<group>";
		};
		22D22C3E1DC6012C00980EAD /* Products */ = {
			isa = PBXGroup;
			children = (
				22D22C3D1DC6012C00980EAD /* BeanReview.app */,
			);
			name = Products;
			sourceTree = "<group>";
		};
		22D22C3F1DC6012C00980EAD /* BeanReview */ = {
			isa = PBXGroup;
			children = (
				22D22C521DC6013E00980EAD /* BeanReview.entitlements */,
				22D22C401DC6012C00980EAD /* AppDelegate.swift */,
				22D22C441DC6012C00980EAD /* Main.storyboard */,
				22D22C471DC6012C00980EAD /* Assets.xcassets */,
				22D22C491DC6012C00980EAD /* LaunchScreen.storyboard */,
				22D22C4C1DC6012C00980EAD /* Info.plist */,
				22D22C581DC601C100980EAD /* HomeTableViewController.swift */,
				22D22C5A1DC6041C00980EAD /* CafesTableViewController.swift */,
				22D22C5C1DC609BF00980EAD /* CafeDetailViewController.swift */,
				22D22C621DC81E8500980EAD /* CafeMapViewController.swift */,
				22D22C661DC85E2D00980EAD /* AddCafeTableViewController.swift */,
				22D22C6A1DC9D41700980EAD /* AddReviewViewController.swift */,
			);
			path = BeanReview;
			sourceTree = "<group>";
		};
		22D22C531DC6014100980EAD /* Frameworks */ = {
			isa = PBXGroup;
			children = (
				22D22C561DC6014E00980EAD /* MapKit.framework */,
				22D22C541DC6014100980EAD /* CloudKit.framework */,
			);
			name = Frameworks;
			sourceTree = "<group>";
		};
/* End PBXGroup section */

/* Begin PBXNativeTarget section */
		22D22C3C1DC6012C00980EAD /* BeanReview */ = {
			isa = PBXNativeTarget;
			buildConfigurationList = 22D22C4F1DC6012C00980EAD /* Build configuration list for PBXNativeTarget "BeanReview" */;
			buildPhases = (
				22D22C391DC6012C00980EAD /* Sources */,
				22D22C3A1DC6012C00980EAD /* Frameworks */,
				22D22C3B1DC6012C00980EAD /* Resources */,
			);
			buildRules = (
			);
			dependencies = (
			);
			name = BeanReview;
			productName = BeanReview;
			productReference = 22D22C3D1DC6012C00980EAD /* BeanReview.app */;
			productType = "com.apple.product-type.application";
		};
/* End PBXNativeTarget section */

/* Begin PBXProject section */
		22D22C351DC6012C00980EAD /* Project object */ = {
			isa = PBXProject;
			attributes = {
				LastSwiftUpdateCheck = 0810;
				LastUpgradeCheck = 0810;
				ORGANIZATIONNAME = "Agon Consulting";
				TargetAttributes = {
					22D22C3C1DC6012C00980EAD = {
						CreatedOnToolsVersion = 8.1;
						DevelopmentTeam = JU2PZ2EQ7S;
						ProvisioningStyle = Automatic;
						SystemCapabilities = {
							com.apple.Maps.iOS = {
								enabled = 1;
							};
							com.apple.Push = {
								enabled = 1;
							};
							com.apple.iCloud = {
								enabled = 1;
							};
						};
					};
				};
			};
			buildConfigurationList = 22D22C381DC6012C00980EAD /* Build configuration list for PBXProject "BeanReview" */;
			compatibilityVersion = "Xcode 3.2";
			developmentRegion = English;
			hasScannedForEncodings = 0;
			knownRegions = (
				en,
				Base,
			);
			mainGroup = 22D22C341DC6012C00980EAD;
			productRefGroup = 22D22C3E1DC6012C00980EAD /* Products */;
			projectDirPath = "";
			projectRoot = "";
			targets = (
				22D22C3C1DC6012C00980EAD /* BeanReview */,
			);
		};
/* End PBXProject section */

/* Begin PBXResourcesBuildPhase section */
		22D22C3B1DC6012C00980EAD /* Resources */ = {
			isa = PBXResourcesBuildPhase;
			buildActionMask = 2147483647;
			files = (
				22D22C4B1DC6012C00980EAD /* LaunchScreen.storyboard in Resources */,
				22D22C481DC6012C00980EAD /* Assets.xcassets in Resources */,
				22D22C461DC6012C00980EAD /* Main.storyboard in Resources */,
			);
			runOnlyForDeploymentPostprocessing = 0;
		};
/* End PBXResourcesBuildPhase section */

/* Begin PBXSourcesBuildPhase section */
		22D22C391DC6012C00980EAD /* Sources */ = {
			isa = PBXSourcesBuildPhase;
			buildActionMask = 2147483647;
			files = (
				22D22C671DC85E2D00980EAD /* AddCafeTableViewController.swift in Sources */,
				22D22C5B1DC6041C00980EAD /* CafesTableViewController.swift in Sources */,
				22D22C591DC601C100980EAD /* HomeTableViewController.swift in Sources */,
				22D22C5D1DC609BF00980EAD /* CafeDetailViewController.swift in Sources */,
				22D22C631DC81E8500980EAD /* CafeMapViewController.swift in Sources */,
				22D22C411DC6012C00980EAD /* AppDelegate.swift in Sources */,
				22D22C6B1DC9D41700980EAD /* AddReviewViewController.swift in Sources */,
			);
			runOnlyForDeploymentPostprocessing = 0;
		};
/* End PBXSourcesBuildPhase section */

/* Begin PBXVariantGroup section */
		22D22C441DC6012C00980EAD /* Main.storyboard */ = {
			isa = PBXVariantGroup;
			children = (
				22D22C451DC6012C00980EAD /* Base */,
			);
			name = Main.storyboard;
			sourceTree = "<group>";
		};
		22D22C491DC6012C00980EAD /* LaunchScreen.storyboard */ = {
			isa = PBXVariantGroup;
			children = (
				22D22C4A1DC6012C00980EAD /* Base */,
			);
			name = LaunchScreen.storyboard;
			sourceTree = "<group>";
		};
/* End PBXVariantGroup section */

/* Begin XCBuildConfiguration section */
		22D22C4D1DC6012C00980EAD /* Debug */ = {
			isa = XCBuildConfiguration;
			buildSettings = {
				ALWAYS_SEARCH_USER_PATHS = NO;
				CLANG_ANALYZER_NONNULL = YES;
				CLANG_CXX_LANGUAGE_STANDARD = "gnu++0x";
				CLANG_CXX_LIBRARY = "libc++";
				CLANG_ENABLE_MODULES = YES;
				CLANG_ENABLE_OBJC_ARC = YES;
				CLANG_WARN_BOOL_CONVERSION = YES;
				CLANG_WARN_CONSTANT_CONVERSION = YES;
				CLANG_WARN_DIRECT_OBJC_ISA_USAGE = YES_ERROR;
				CLANG_WARN_DOCUMENTATION_COMMENTS = YES;
				CLANG_WARN_EMPTY_BODY = YES;
				CLANG_WARN_ENUM_CONVERSION = YES;
				CLANG_WARN_INFINITE_RECURSION = YES;
				CLANG_WARN_INT_CONVERSION = YES;
				CLANG_WARN_OBJC_ROOT_CLASS = YES_ERROR;
				CLANG_WARN_SUSPICIOUS_MOVES = YES;
				CLANG_WARN_UNREACHABLE_CODE = YES;
				CLANG_WARN__DUPLICATE_METHOD_MATCH = YES;
				"CODE_SIGN_IDENTITY[sdk=iphoneos*]" = "iPhone Developer";
				COPY_PHASE_STRIP = NO;
				DEBUG_INFORMATION_FORMAT = dwarf;
				ENABLE_STRICT_OBJC_MSGSEND = YES;
				ENABLE_TESTABILITY = YES;
				GCC_C_LANGUAGE_STANDARD = gnu99;
				GCC_DYNAMIC_NO_PIC = NO;
				GCC_NO_COMMON_BLOCKS = YES;
				GCC_OPTIMIZATION_LEVEL = 0;
				GCC_PREPROCESSOR_DEFINITIONS = (
					"DEBUG=1",
					"$(inherited)",
				);
				GCC_WARN_64_TO_32_BIT_CONVERSION = YES;
				GCC_WARN_ABOUT_RETURN_TYPE = YES_ERROR;
				GCC_WARN_UNDECLARED_SELECTOR = YES;
				GCC_WARN_UNINITIALIZED_AUTOS = YES_AGGRESSIVE;
				GCC_WARN_UNUSED_FUNCTION = YES;
				GCC_WARN_UNUSED_VARIABLE = YES;
				IPHONEOS_DEPLOYMENT_TARGET = 10.1;
				MTL_ENABLE_DEBUG_INFO = YES;
				ONLY_ACTIVE_ARCH = YES;
				SDKROOT = iphoneos;
				SWIFT_ACTIVE_COMPILATION_CONDITIONS = DEBUG;
				SWIFT_OPTIMIZATION_LEVEL = "-Onone";
			};
			name = Debug;
		};
		22D22C4E1DC6012C00980EAD /* Release */ = {
			isa = XCBuildConfiguration;
			buildSettings = {
				ALWAYS_SEARCH_USER_PATHS = NO;
				CLANG_ANALYZER_NONNULL = YES;
				CLANG_CXX_LANGUAGE_STANDARD = "gnu++0x";
				CLANG_CXX_LIBRARY = "libc++";
				CLANG_ENABLE_MODULES = YES;
				CLANG_ENABLE_OBJC_ARC = YES;
				CLANG_WARN_BOOL_CONVERSION = YES;
				CLANG_WARN_CONSTANT_CONVERSION = YES;
				CLANG_WARN_DIRECT_OBJC_ISA_USAGE = YES_ERROR;
				CLANG_WARN_DOCUMENTATION_COMMENTS = YES;
				CLANG_WARN_EMPTY_BODY = YES;
				CLANG_WARN_ENUM_CONVERSION = YES;
				CLANG_WARN_INFINITE_RECURSION = YES;
				CLANG_WARN_INT_CONVERSION = YES;
				CLANG_WARN_OBJC_ROOT_CLASS = YES_ERROR;
				CLANG_WARN_SUSPICIOUS_MOVES = YES;
				CLANG_WARN_UNREACHABLE_CODE = YES;
				CLANG_WARN__DUPLICATE_METHOD_MATCH = YES;
				"CODE_SIGN_IDENTITY[sdk=iphoneos*]" = "iPhone Developer";
				COPY_PHASE_STRIP = NO;
				DEBUG_INFORMATION_FORMAT = "dwarf-with-dsym";
				ENABLE_NS_ASSERTIONS = NO;
				ENABLE_STRICT_OBJC_MSGSEND = YES;
				GCC_C_LANGUAGE_STANDARD = gnu99;
				GCC_NO_COMMON_BLOCKS = YES;
				GCC_WARN_64_TO_32_BIT_CONVERSION = YES;
				GCC_WARN_ABOUT_RETURN_TYPE = YES_ERROR;
				GCC_WARN_UNDECLARED_SELECTOR = YES;
				GCC_WARN_UNINITIALIZED_AUTOS = YES_AGGRESSIVE;
				GCC_WARN_UNUSED_FUNCTION = YES;
				GCC_WARN_UNUSED_VARIABLE = YES;
				IPHONEOS_DEPLOYMENT_TARGET = 10.1;
				MTL_ENABLE_DEBUG_INFO = NO;
				SDKROOT = iphoneos;
				SWIFT_OPTIMIZATION_LEVEL = "-Owholemodule";
				VALIDATE_PRODUCT = YES;
			};
			name = Release;
		};
		22D22C501DC6012C00980EAD /* Debug */ = {
			isa = XCBuildConfiguration;
			buildSettings = {
				ASSETCATALOG_COMPILER_APPICON_NAME = AppIcon;
				CODE_SIGN_ENTITLEMENTS = BeanReview/BeanReview.entitlements;
				DEVELOPMENT_TEAM = JU2PZ2EQ7S;
				INFOPLIST_FILE = BeanReview/Info.plist;
				IPHONEOS_DEPLOYMENT_TARGET = 10.0;
				LD_RUNPATH_SEARCH_PATHS = "$(inherited) @executable_path/Frameworks";
				PRODUCT_BUNDLE_IDENTIFIER = com.au.agonconsulting.BeanReview;
				PRODUCT_NAME = "$(TARGET_NAME)";
				SWIFT_VERSION = 3.0;
			};
			name = Debug;
		};
		22D22C511DC6012C00980EAD /* Release */ = {
			isa = XCBuildConfiguration;
			buildSettings = {
				ASSETCATALOG_COMPILER_APPICON_NAME = AppIcon;
				CODE_SIGN_ENTITLEMENTS = BeanReview/BeanReview.entitlements;
				DEVELOPMENT_TEAM = JU2PZ2EQ7S;
				INFOPLIST_FILE = BeanReview/Info.plist;
				IPHONEOS_DEPLOYMENT_TARGET = 10.0;
				LD_RUNPATH_SEARCH_PATHS = "$(inherited) @executable_path/Frameworks";
				PRODUCT_BUNDLE_IDENTIFIER = com.au.agonconsulting.BeanReview;
				PRODUCT_NAME = "$(TARGET_NAME)";
				SWIFT_VERSION = 3.0;
			};
			name = Release;
		};
/* End XCBuildConfiguration section */

/* Begin XCConfigurationList section */
		22D22C381DC6012C00980EAD /* Build configuration list for PBXProject "BeanReview" */ = {
			isa = XCConfigurationList;
			buildConfigurations = (
				22D22C4D1DC6012C00980EAD /* Debug */,
				22D22C4E1DC6012C00980EAD /* Release */,
			);
			defaultConfigurationIsVisible = 0;
			defaultConfigurationName = Release;
		};
		22D22C4F1DC6012C00980EAD /* Build configuration list for PBXNativeTarget "BeanReview" */ = {
			isa = XCConfigurationList;
			buildConfigurations = (
				22D22C501DC6012C00980EAD /* Debug */,
				22D22C511DC6012C00980EAD /* Release */,
			);
			defaultConfigurationIsVisible = 0;
		};
/* End XCConfigurationList section */
	};
	rootObject = 22D22C351DC6012C00980EAD /* Project object */;
}
